
Microsoft Visual Studio Solution File, Format Version 12.00
# Visual Studio 15
VisualStudioVersion = 15.0.27703.2047
MinimumVisualStudioVersion = 10.0.40219.1
Project("{F2A71F9B-5D33-465A-A702-920D77279786}") = "TelegramBot.Registrator.Db", "TelegramBot.Registrator.Db\TelegramBot.Registrator.Db.fsproj", "{D35858C0-6766-4C5B-B7EA-978854F3C0DD}"
EndProject
Project("{F2A71F9B-5D33-465A-A702-920D77279786}") = "TelegramBot.Registrator.Tests", "TelegramBot.Registrator.Tests\TelegramBot.Registrator.Tests.fsproj", "{C0437D0B-F425-48AE-A254-2047DB88982D}"
	ProjectSection(ProjectDependencies) = postProject
		{D35858C0-6766-4C5B-B7EA-978854F3C0DD} = {D35858C0-6766-4C5B-B7EA-978854F3C0DD}
	EndProjectSection
EndProject
Project("{F2A71F9B-5D33-465A-A702-920D77279786}") = "TelegramBot.Registrator.Front", "TelegramBot.Registrator.Front\TelegramBot.Registrator.Front.fsproj", "{F021FDCA-EBAF-4850-9ED2-3C4D9DFE2041}"
EndProject
Global
	GlobalSection(SolutionConfigurationPlatforms) = preSolution
		Debug|Any CPU = Debug|Any CPU
		Release|Any CPU = Release|Any CPU
	EndGlobalSection
	GlobalSection(ProjectConfigurationPlatforms) = postSolution
		{D35858C0-6766-4C5B-B7EA-978854F3C0DD}.Debug|Any CPU.ActiveCfg = Debug|Any CPU
		{D35858C0-6766-4C5B-B7EA-978854F3C0DD}.Debug|Any CPU.Build.0 = Debug|Any CPU
		{D35858C0-6766-4C5B-B7EA-978854F3C0DD}.Release|Any CPU.ActiveCfg = Release|Any CPU
		{D35858C0-6766-4C5B-B7EA-978854F3C0DD}.Release|Any CPU.Build.0 = Release|Any CPU
		{C0437D0B-F425-48AE-A254-2047DB88982D}.Debug|Any CPU.ActiveCfg = Debug|Any CPU
		{C0437D0B-F425-48AE-A254-2047DB88982D}.Debug|Any CPU.Build.0 = Debug|Any CPU
		{C0437D0B-F425-48AE-A254-2047DB88982D}.Release|Any CPU.ActiveCfg = Release|Any CPU
		{C0437D0B-F425-48AE-A254-2047DB88982D}.Release|Any CPU.Build.0 = Release|Any CPU
		{F021FDCA-EBAF-4850-9ED2-3C4D9DFE2041}.Debug|Any CPU.ActiveCfg = Debug|Any CPU
		{F021FDCA-EBAF-4850-9ED2-3C4D9DFE2041}.Debug|Any CPU.Build.0 = Debug|Any CPU
		{F021FDCA-EBAF-4850-9ED2-3C4D9DFE2041}.Release|Any CPU.ActiveCfg = Release|Any CPU
		{F021FDCA-EBAF-4850-9ED2-3C4D9DFE2041}.Release|Any CPU.Build.0 = Release|Any CPU
	EndGlobalSection
	GlobalSection(SolutionProperties) = preSolution
		HideSolutionNode = FALSE
	EndGlobalSection
	GlobalSection(ExtensibilityGlobals) = postSolution
		SolutionGuid = {CAA589D2-1DE2-4F3E-B66E-548C2A237302}
	EndGlobalSection
EndGlobal
